// !$*UTF8*$!
{
	archiveVersion = 1;
	classes = {
	};
	objectVersion = 50;
	objects = {

/* Begin PBXBuildFile section */
		D162B77925ACBF35001334AC /* AppDelegate.swift in Sources */ = {isa = PBXBuildFile; fileRef = D162B77825ACBF35001334AC /* AppDelegate.swift */; };
		D162B77B25ACBF35001334AC /* SceneDelegate.swift in Sources */ = {isa = PBXBuildFile; fileRef = D162B77A25ACBF35001334AC /* SceneDelegate.swift */; };
		D162B77D25ACBF35001334AC /* ViewController.swift in Sources */ = {isa = PBXBuildFile; fileRef = D162B77C25ACBF35001334AC /* ViewController.swift */; };
		D162B78025ACBF35001334AC /* Main.storyboard in Resources */ = {isa = PBXBuildFile; fileRef = D162B77E25ACBF35001334AC /* Main.storyboard */; };
		D162B78225ACBF38001334AC /* Assets.xcassets in Resources */ = {isa = PBXBuildFile; fileRef = D162B78125ACBF38001334AC /* Assets.xcassets */; };
		D162B78525ACBF38001334AC /* LaunchScreen.storyboard in Resources */ = {isa = PBXBuildFile; fileRef = D162B78325ACBF38001334AC /* LaunchScreen.storyboard */; };
		D162B79025ACBF38001334AC /* TaskTests.swift in Sources */ = {isa = PBXBuildFile; fileRef = D162B78F25ACBF38001334AC /* TaskTests.swift */; };
		D162B79B25ACBF38001334AC /* TaskUITests.swift in Sources */ = {isa = PBXBuildFile; fileRef = D162B79A25ACBF38001334AC /* TaskUITests.swift */; };
/* End PBXBuildFile section */

/* Begin PBXContainerItemProxy section */
		D162B78C25ACBF38001334AC /* PBXContainerItemProxy */ = {
			isa = PBXContainerItemProxy;
			containerPortal = D162B76D25ACBF35001334AC /* Project object */;
			proxyType = 1;
			remoteGlobalIDString = D162B77425ACBF35001334AC;
			remoteInfo = Task;
		};
		D162B79725ACBF38001334AC /* PBXContainerItemProxy */ = {
			isa = PBXContainerItemProxy;
			containerPortal = D162B76D25ACBF35001334AC /* Project object */;
			proxyType = 1;
			remoteGlobalIDString = D162B77425ACBF35001334AC;
			remoteInfo = Task;
		};
/* End PBXContainerItemProxy section */

/* Begin PBXFileReference section */
		D162B77525ACBF35001334AC /* Task.app */ = {isa = PBXFileReference; explicitFileType = wrapper.application; includeInIndex = 0; path = Task.app; sourceTree = BUILT_PRODUCTS_DIR; };
		D162B77825ACBF35001334AC /* AppDelegate.swift */ = {isa = PBXFileReference; lastKnownFileType = sourcecode.swift; path = AppDelegate.swift; sourceTree = "<group>"; };
		D162B77A25ACBF35001334AC /* SceneDelegate.swift */ = {isa = PBXFileReference; lastKnownFileType = sourcecode.swift; path = SceneDelegate.swift; sourceTree = "<group>"; };
		D162B77C25ACBF35001334AC /* ViewController.swift */ = {isa = PBXFileReference; lastKnownFileType = sourcecode.swift; path = ViewController.swift; sourceTree = "<group>"; };
		D162B77F25ACBF35001334AC /* Base */ = {isa = PBXFileReference; lastKnownFileType = file.storyboard; name = Base; path = Base.lproj/Main.storyboard; sourceTree = "<group>"; };
		D162B78125ACBF38001334AC /* Assets.xcassets */ = {isa = PBXFileReference; lastKnownFileType = folder.assetcatalog; path = Assets.xcassets; sourceTree = "<group>"; };
		D162B78425ACBF38001334AC /* Base */ = {isa = PBXFileReference; lastKnownFileType = file.storyboard; name = Base; path = Base.lproj/LaunchScreen.storyboard; sourceTree = "<group>"; };
		D162B78625ACBF38001334AC /* Info.plist */ = {isa = PBXFileReference; lastKnownFileType = text.plist.xml; path = Info.plist; sourceTree = "<group>"; };
		D162B78B25ACBF38001334AC /* TaskTests.xctest */ = {isa = PBXFileReference; explicitFileType = wrapper.cfbundle; includeInIndex = 0; path = TaskTests.xctest; sourceTree = BUILT_PRODUCTS_DIR; };
		D162B78F25ACBF38001334AC /* TaskTests.swift */ = {isa = PBXFileReference; lastKnownFileType = sourcecode.swift; path = TaskTests.swift; sourceTree = "<group>"; };
		D162B79125ACBF38001334AC /* Info.plist */ = {isa = PBXFileReference; lastKnownFileType = text.plist.xml; path = Info.plist; sourceTree = "<group>"; };
		D162B79625ACBF38001334AC /* TaskUITests.xctest */ = {isa = PBXFileReference; explicitFileType = wrapper.cfbundle; includeInIndex = 0; path = TaskUITests.xctest; sourceTree = BUILT_PRODUCTS_DIR; };
		D162B79A25ACBF38001334AC /* TaskUITests.swift */ = {isa = PBXFileReference; lastKnownFileType = sourcecode.swift; path = TaskUITests.swift; sourceTree = "<group>"; };
		D162B79C25ACBF38001334AC /* Info.plist */ = {isa = PBXFileReference; lastKnownFileType = text.plist.xml; path = Info.plist; sourceTree = "<group>"; };
/* End PBXFileReference section */

/* Begin PBXFrameworksBuildPhase section */
		D162B77225ACBF35001334AC /* Frameworks */ = {
			isa = PBXFrameworksBuildPhase;
			buildActionMask = 2147483647;
			files = (
			);
			runOnlyForDeploymentPostprocessing = 0;
		};
		D162B78825ACBF38001334AC /* Frameworks */ = {
			isa = PBXFrameworksBuildPhase;
			buildActionMask = 2147483647;
			files = (
			);
			runOnlyForDeploymentPostprocessing = 0;
		};
		D162B79325ACBF38001334AC /* Frameworks */ = {
			isa = PBXFrameworksBuildPhase;
			buildActionMask = 2147483647;
			files = (
			);
			runOnlyForDeploymentPostprocessing = 0;
		};
/* End PBXFrameworksBuildPhase section */

/* Begin PBXGroup section */
		D162B76C25ACBF35001334AC = {
			isa = PBXGroup;
			children = (
				D162B77725ACBF35001334AC /* Task */,
				D162B78E25ACBF38001334AC /* TaskTests */,
				D162B79925ACBF38001334AC /* TaskUITests */,
				D162B77625ACBF35001334AC /* Products */,
			);
			sourceTree = "<group>";
		};
		D162B77625ACBF35001334AC /* Products */ = {
			isa = PBXGroup;
			children = (
				D162B77525ACBF35001334AC /* Task.app */,
				D162B78B25ACBF38001334AC /* TaskTests.xctest */,
				D162B79625ACBF38001334AC /* TaskUITests.xctest */,
			);
			name = Products;
			sourceTree = "<group>";
		};
		D162B77725ACBF35001334AC /* Task */ = {
			isa = PBXGroup;
			children = (
				D162B77825ACBF35001334AC /* AppDelegate.swift */,
				D162B77A25ACBF35001334AC /* SceneDelegate.swift */,
				D162B77C25ACBF35001334AC /* ViewController.swift */,
				D162B77E25ACBF35001334AC /* Main.storyboard */,
				D162B78125ACBF38001334AC /* Assets.xcassets */,
				D162B78325ACBF38001334AC /* LaunchScreen.storyboard */,
				D162B78625ACBF38001334AC /* Info.plist */,
			);
			path = Task;
			sourceTree = "<group>";
		};
		D162B78E25ACBF38001334AC /* TaskTests */ = {
			isa = PBXGroup;
			children = (
				D162B78F25ACBF38001334AC /* TaskTests.swift */,
				D162B79125ACBF38001334AC /* Info.plist */,
			);
			path = TaskTests;
			sourceTree = "<group>";
		};
		D162B79925ACBF38001334AC /* TaskUITests */ = {
			isa = PBXGroup;
			children = (
				D162B79A25ACBF38001334AC /* TaskUITests.swift */,
				D162B79C25ACBF38001334AC /* Info.plist */,
			);
			path = TaskUITests;
			sourceTree = "<group>";
		};
/* End PBXGroup section */

/* Begin PBXNativeTarget section */
		D162B77425ACBF35001334AC /* Task */ = {
			isa = PBXNativeTarget;
			buildConfigurationList = D162B79F25ACBF38001334AC /* Build configuration list for PBXNativeTarget "Task" */;
			buildPhases = (
				D162B77125ACBF35001334AC /* Sources */,
				D162B77225ACBF35001334AC /* Frameworks */,
				D162B77325ACBF35001334AC /* Resources */,
			);
			buildRules = (
			);
			dependencies = (
			);
			name = Task;
			productName = Task;
			productReference = D162B77525ACBF35001334AC /* Task.app */;
			productType = "com.apple.product-type.application";
		};
		D162B78A25ACBF38001334AC /* TaskTests */ = {
			isa = PBXNativeTarget;
			buildConfigurationList = D162B7A225ACBF38001334AC /* Build configuration list for PBXNativeTarget "TaskTests" */;
			buildPhases = (
				D162B78725ACBF38001334AC /* Sources */,
				D162B78825ACBF38001334AC /* Frameworks */,
				D162B78925ACBF38001334AC /* Resources */,
			);
			buildRules = (
			);
			dependencies = (
				D162B78D25ACBF38001334AC /* PBXTargetDependency */,
			);
			name = TaskTests;
			productName = TaskTests;
			productReference = D162B78B25ACBF38001334AC /* TaskTests.xctest */;
			productType = "com.apple.product-type.bundle.unit-test";
		};
		D162B79525ACBF38001334AC /* TaskUITests */ = {
			isa = PBXNativeTarget;
			buildConfigurationList = D162B7A525ACBF38001334AC /* Build configuration list for PBXNativeTarget "TaskUITests" */;
			buildPhases = (
				D162B79225ACBF38001334AC /* Sources */,
				D162B79325ACBF38001334AC /* Frameworks */,
				D162B79425ACBF38001334AC /* Resources */,
			);
			buildRules = (
			);
			dependencies = (
				D162B79825ACBF38001334AC /* PBXTargetDependency */,
			);
			name = TaskUITests;
			productName = TaskUITests;
			productReference = D162B79625ACBF38001334AC /* TaskUITests.xctest */;
			productType = "com.apple.product-type.bundle.ui-testing";
		};
/* End PBXNativeTarget section */

/* Begin PBXProject section */
		D162B76D25ACBF35001334AC /* Project object */ = {
			isa = PBXProject;
			attributes = {
				LastSwiftUpdateCheck = 1150;
				LastUpgradeCheck = 1150;
				ORGANIZATIONNAME = OneBanc;
				TargetAttributes = {
					D162B77425ACBF35001334AC = {
						CreatedOnToolsVersion = 11.5;
					};
					D162B78A25ACBF38001334AC = {
						CreatedOnToolsVersion = 11.5;
						TestTargetID = D162B77425ACBF35001334AC;
					};
					D162B79525ACBF38001334AC = {
						CreatedOnToolsVersion = 11.5;
						TestTargetID = D162B77425ACBF35001334AC;
					};
				};
			};
			buildConfigurationList = D162B77025ACBF35001334AC /* Build configuration list for PBXProject "Task" */;
			compatibilityVersion = "Xcode 9.3";
			developmentRegion = en;
			hasScannedForEncodings = 0;
			knownRegions = (
				en,
				Base,
			);
			mainGroup = D162B76C25ACBF35001334AC;
			productRefGroup = D162B77625ACBF35001334AC /* Products */;
			projectDirPath = "";
			projectRoot = "";
			targets = (
				D162B77425ACBF35001334AC /* Task */,
				D162B78A25ACBF38001334AC /* TaskTests */,
				D162B79525ACBF38001334AC /* TaskUITests */,
			);
		};
/* End PBXProject section */

/* Begin PBXResourcesBuildPhase section */
		D162B77325ACBF35001334AC /* Resources */ = {
			isa = PBXResourcesBuildPhase;
			buildActionMask = 2147483647;
			files = (
				D162B78525ACBF38001334AC /* LaunchScreen.storyboard in Resources */,
				D162B78225ACBF38001334AC /* Assets.xcassets in Resources */,
				D162B78025ACBF35001334AC /* Main.storyboard in Resources */,
			);
			runOnlyForDeploymentPostprocessing = 0;
		};
		D162B78925ACBF38001334AC /* Resources */ = {
			isa = PBXResourcesBuildPhase;
			buildActionMask = 2147483647;
			files = (
			);
			runOnlyForDeploymentPostprocessing = 0;
		};
		D162B79425ACBF38001334AC /* Resources */ = {
			isa = PBXResourcesBuildPhase;
			buildActionMask = 2147483647;
			files = (
			);
			runOnlyForDeploymentPostprocessing = 0;
		};
/* End PBXResourcesBuildPhase section */

/* Begin PBXSourcesBuildPhase section */
		D162B77125ACBF35001334AC /* Sources */ = {
			isa = PBXSourcesBuildPhase;
			buildActionMask = 2147483647;
			files = (
				D162B77D25ACBF35001334AC /* ViewController.swift in Sources */,
				D162B77925ACBF35001334AC /* AppDelegate.swift in Sources */,
				D162B77B25ACBF35001334AC /* SceneDelegate.swift in Sources */,
			);
			runOnlyForDeploymentPostprocessing = 0;
		};
		D162B78725ACBF38001334AC /* Sources */ = {
			isa = PBXSourcesBuildPhase;
			buildActionMask = 2147483647;
			files = (
				D162B79025ACBF38001334AC /* TaskTests.swift in Sources */,
			);
			runOnlyForDeploymentPostprocessing = 0;
		};
		D162B79225ACBF38001334AC /* Sources */ = {
			isa = PBXSourcesBuildPhase;
			buildActionMask = 2147483647;
			files = (
				D162B79B25ACBF38001334AC /* TaskUITests.swift in Sources */,
			);
			runOnlyForDeploymentPostprocessing = 0;
		};
/* End PBXSourcesBuildPhase section */

/* Begin PBXTargetDependency section */
		D162B78D25ACBF38001334AC /* PBXTargetDependency */ = {
			isa = PBXTargetDependency;
			target = D162B77425ACBF35001334AC /* Task */;
			targetProxy = D162B78C25ACBF38001334AC /* PBXContainerItemProxy */;
		};
		D162B79825ACBF38001334AC /* PBXTargetDependency */ = {
			isa = PBXTargetDependency;
			target = D162B77425ACBF35001334AC /* Task */;
			targetProxy = D162B79725ACBF38001334AC /* PBXContainerItemProxy */;
		};
/* End PBXTargetDependency section */

/* Begin PBXVariantGroup section */
		D162B77E25ACBF35001334AC /* Main.storyboard */ = {
			isa = PBXVariantGroup;
			children = (
				D162B77F25ACBF35001334AC /* Base */,
			);
			name = Main.storyboard;
			sourceTree = "<group>";
		};
		D162B78325ACBF38001334AC /* LaunchScreen.storyboard */ = {
			isa = PBXVariantGroup;
			children = (
				D162B78425ACBF38001334AC /* Base */,
			);
			name = LaunchScreen.storyboard;
			sourceTree = "<group>";
		};
/* End PBXVariantGroup section */

/* Begin XCBuildConfiguration section */
		D162B79D25ACBF38001334AC /* Debug */ = {
			isa = XCBuildConfiguration;
			buildSettings = {
				ALWAYS_SEARCH_USER_PATHS = NO;
				CLANG_ANALYZER_NONNULL = YES;
				CLANG_ANALYZER_NUMBER_OBJECT_CONVERSION = YES_AGGRESSIVE;
				CLANG_CXX_LANGUAGE_STANDARD = "gnu++14";
				CLANG_CXX_LIBRARY = "libc++";
				CLANG_ENABLE_MODULES = YES;
				CLANG_ENABLE_OBJC_ARC = YES;
				CLANG_ENABLE_OBJC_WEAK = YES;
				CLANG_WARN_BLOCK_CAPTURE_AUTORELEASING = YES;
				CLANG_WARN_BOOL_CONVERSION = YES;
				CLANG_WARN_COMMA = YES;
				CLANG_WARN_CONSTANT_CONVERSION = YES;
				CLANG_WARN_DEPRECATED_OBJC_IMPLEMENTATIONS = YES;
				CLANG_WARN_DIRECT_OBJC_ISA_USAGE = YES_ERROR;
				CLANG_WARN_DOCUMENTATION_COMMENTS = YES;
				CLANG_WARN_EMPTY_BODY = YES;
				CLANG_WARN_ENUM_CONVERSION = YES;
				CLANG_WARN_INFINITE_RECURSION = YES;
				CLANG_WARN_INT_CONVERSION = YES;
				CLANG_WARN_NON_LITERAL_NULL_CONVERSION = YES;
				CLANG_WARN_OBJC_IMPLICIT_RETAIN_SELF = YES;
				CLANG_WARN_OBJC_LITERAL_CONVERSION = YES;
				CLANG_WARN_OBJC_ROOT_CLASS = YES_ERROR;
				CLANG_WARN_RANGE_LOOP_ANALYSIS = YES;
				CLANG_WARN_STRICT_PROTOTYPES = YES;
				CLANG_WARN_SUSPICIOUS_MOVE = YES;
				CLANG_WARN_UNGUARDED_AVAILABILITY = YES_AGGRESSIVE;
				CLANG_WARN_UNREACHABLE_CODE = YES;
				CLANG_WARN__DUPLICATE_METHOD_MATCH = YES;
				COPY_PHASE_STRIP = NO;
				DEBUG_INFORMATION_FORMAT = dwarf;
				ENABLE_STRICT_OBJC_MSGSEND = YES;
				ENABLE_TESTABILITY = YES;
				GCC_C_LANGUAGE_STANDARD = gnu11;
				GCC_DYNAMIC_NO_PIC = NO;
				GCC_NO_COMMON_BLOCKS = YES;
				GCC_OPTIMIZATION_LEVEL = 0;
				GCC_PREPROCESSOR_DEFINITIONS = (
					"DEBUG=1",
					"$(inherited)",
				);
				GCC_WARN_64_TO_32_BIT_CONVERSION = YES;
				GCC_WARN_ABOUT_RETURN_TYPE = YES_ERROR;
				GCC_WARN_UNDECLARED_SELECTOR = YES;
				GCC_WARN_UNINITIALIZED_AUTOS = YES_AGGRESSIVE;
				GCC_WARN_UNUSED_FUNCTION = YES;
				GCC_WARN_UNUSED_VARIABLE = YES;
				IPHONEOS_DEPLOYMENT_TARGET = 13.5;
				MTL_ENABLE_DEBUG_INFO = INCLUDE_SOURCE;
				MTL_FAST_MATH = YES;
				ONLY_ACTIVE_ARCH = YES;
				SDKROOT = iphoneos;
				SWIFT_ACTIVE_COMPILATION_CONDITIONS = DEBUG;
				SWIFT_OPTIMIZATION_LEVEL = "-Onone";
			};
			name = Debug;
		};
		D162B79E25ACBF38001334AC /* Release */ = {
			isa = XCBuildConfiguration;
			buildSettings = {
				ALWAYS_SEARCH_USER_PATHS = NO;
				CLANG_ANALYZER_NONNULL = YES;
				CLANG_ANALYZER_NUMBER_OBJECT_CONVERSION = YES_AGGRESSIVE;
				CLANG_CXX_LANGUAGE_STANDARD = "gnu++14";
				CLANG_CXX_LIBRARY = "libc++";
				CLANG_ENABLE_MODULES = YES;
				CLANG_ENABLE_OBJC_ARC = YES;
				CLANG_ENABLE_OBJC_WEAK = YES;
				CLANG_WARN_BLOCK_CAPTURE_AUTORELEASING = YES;
				CLANG_WARN_BOOL_CONVERSION = YES;
				CLANG_WARN_COMMA = YES;
				CLANG_WARN_CONSTANT_CONVERSION = YES;
				CLANG_WARN_DEPRECATED_OBJC_IMPLEMENTATIONS = YES;
				CLANG_WARN_DIRECT_OBJC_ISA_USAGE = YES_ERROR;
				CLANG_WARN_DOCUMENTATION_COMMENTS = YES;
				CLANG_WARN_EMPTY_BODY = YES;
				CLANG_WARN_ENUM_CONVERSION = YES;
				CLANG_WARN_INFINITE_RECURSION = YES;
				CLANG_WARN_INT_CONVERSION = YES;
				CLANG_WARN_NON_LITERAL_NULL_CONVERSION = YES;
				CLANG_WARN_OBJC_IMPLICIT_RETAIN_SELF = YES;
				CLANG_WARN_OBJC_LITERAL_CONVERSION = YES;
				CLANG_WARN_OBJC_ROOT_CLASS = YES_ERROR;
				CLANG_WARN_RANGE_LOOP_ANALYSIS = YES;
				CLANG_WARN_STRICT_PROTOTYPES = YES;
				CLANG_WARN_SUSPICIOUS_MOVE = YES;
				CLANG_WARN_UNGUARDED_AVAILABILITY = YES_AGGRESSIVE;
				CLANG_WARN_UNREACHABLE_CODE = YES;
				CLANG_WARN__DUPLICATE_METHOD_MATCH = YES;
				COPY_PHASE_STRIP = NO;
				DEBUG_INFORMATION_FORMAT = "dwarf-with-dsym";
				ENABLE_NS_ASSERTIONS = NO;
				ENABLE_STRICT_OBJC_MSGSEND = YES;
				GCC_C_LANGUAGE_STANDARD = gnu11;
				GCC_NO_COMMON_BLOCKS = YES;
				GCC_WARN_64_TO_32_BIT_CONVERSION = YES;
				GCC_WARN_ABOUT_RETURN_TYPE = YES_ERROR;
				GCC_WARN_UNDECLARED_SELECTOR = YES;
				GCC_WARN_UNINITIALIZED_AUTOS = YES_AGGRESSIVE;
				GCC_WARN_UNUSED_FUNCTION = YES;
				GCC_WARN_UNUSED_VARIABLE = YES;
				IPHONEOS_DEPLOYMENT_TARGET = 13.5;
				MTL_ENABLE_DEBUG_INFO = NO;
				MTL_FAST_MATH = YES;
				SDKROOT = iphoneos;
				SWIFT_COMPILATION_MODE = wholemodule;
				SWIFT_OPTIMIZATION_LEVEL = "-O";
				VALIDATE_PRODUCT = YES;
			};
			name = Release;
		};
		D162B7A025ACBF38001334AC /* Debug */ = {
			isa = XCBuildConfiguration;
			buildSettings = {
				ASSETCATALOG_COMPILER_APPICON_NAME = AppIcon;
				CODE_SIGN_STYLE = Automatic;
				DEVELOPMENT_TEAM = ZQWYP9SQPH;
				INFOPLIST_FILE = Task/Info.plist;
				LD_RUNPATH_SEARCH_PATHS = (
					"$(inherited)",
					"@executable_path/Frameworks",
				);
				PRODUCT_BUNDLE_IDENTIFIER = com.flipxon.Task;
				PRODUCT_NAME = "$(TARGET_NAME)";
				SWIFT_VERSION = 5.0;
				TARGETED_DEVICE_FAMILY = "1,2";
			};
			name = Debug;
		};
		D162B7A125ACBF38001334AC /* Release */ = {
			isa = XCBuildConfiguration;
			buildSettings = {
				ASSETCATALOG_COMPILER_APPICON_NAME = AppIcon;
				CODE_SIGN_STYLE = Automatic;
				DEVELOPMENT_TEAM = ZQWYP9SQPH;
				INFOPLIST_FILE = Task/Info.plist;
				LD_RUNPATH_SEARCH_PATHS = (
					"$(inherited)",
					"@executable_path/Frameworks",
				);
				PRODUCT_BUNDLE_IDENTIFIER = com.flipxon.Task;
				PRODUCT_NAME = "$(TARGET_NAME)";
				SWIFT_VERSION = 5.0;
				TARGETED_DEVICE_FAMILY = "1,2";
			};
			name = Release;
		};
		D162B7A325ACBF38001334AC /* Debug */ = {
			isa = XCBuildConfiguration;
			buildSettings = {
				ALWAYS_EMBED_SWIFT_STANDARD_LIBRARIES = YES;
				BUNDLE_LOADER = "$(TEST_HOST)";
				CODE_SIGN_STYLE = Automatic;
				DEVELOPMENT_TEAM = ZQWYP9SQPH;
				INFOPLIST_FILE = TaskTests/Info.plist;
				IPHONEOS_DEPLOYMENT_TARGET = 13.5;
				LD_RUNPATH_SEARCH_PATHS = (
					"$(inherited)",
					"@executable_path/Frameworks",
					"@loader_path/Frameworks",
				);
				PRODUCT_BUNDLE_IDENTIFIER = com.flipxon.TaskTests;
				PRODUCT_NAME = "$(TARGET_NAME)";
				SWIFT_VERSION = 5.0;
				TARGETED_DEVICE_FAMILY = "1,2";
				TEST_HOST = "$(BUILT_PRODUCTS_DIR)/Task.app/Task";
			};
			name = Debug;
		};
		D162B7A425ACBF38001334AC /* Release */ = {
			isa = XCBuildConfiguration;
			buildSettings = {
				ALWAYS_EMBED_SWIFT_STANDARD_LIBRARIES = YES;
				BUNDLE_LOADER = "$(TEST_HOST)";
				CODE_SIGN_STYLE = Automatic;
				DEVELOPMENT_TEAM = ZQWYP9SQPH;
				INFOPLIST_FILE = TaskTests/Info.plist;
				IPHONEOS_DEPLOYMENT_TARGET = 13.5;
				LD_RUNPATH_SEARCH_PATHS = (
					"$(inherited)",
					"@executable_path/Frameworks",
					"@loader_path/Frameworks",
				);
				PRODUCT_BUNDLE_IDENTIFIER = com.flipxon.TaskTests;
				PRODUCT_NAME = "$(TARGET_NAME)";
				SWIFT_VERSION = 5.0;
				TARGETED_DEVICE_FAMILY = "1,2";
				TEST_HOST = "$(BUILT_PRODUCTS_DIR)/Task.app/Task";
			};
			name = Release;
		};
		D162B7A625ACBF38001334AC /* Debug */ = {
			isa = XCBuildConfiguration;
			buildSettings = {
				ALWAYS_EMBED_SWIFT_STANDARD_LIBRARIES = YES;
				CODE_SIGN_STYLE = Automatic;
				DEVELOPMENT_TEAM = ZQWYP9SQPH;
				INFOPLIST_FILE = TaskUITests/Info.plist;
				LD_RUNPATH_SEARCH_PATHS = (
					"$(inherited)",
					"@executable_path/Frameworks",
					"@loader_path/Frameworks",
				);
				PRODUCT_BUNDLE_IDENTIFIER = com.flipxon.TaskUITests;
				PRODUCT_NAME = "$(TARGET_NAME)";
				SWIFT_VERSION = 5.0;
				TARGETED_DEVICE_FAMILY = "1,2";
				TEST_TARGET_NAME = Task;
			};
			name = Debug;
		};
		D162B7A725ACBF38001334AC /* Release */ = {
			isa = XCBuildConfiguration;
			buildSettings = {
				ALWAYS_EMBED_SWIFT_STANDARD_LIBRARIES = YES;
				CODE_SIGN_STYLE = Automatic;
				DEVELOPMENT_TEAM = ZQWYP9SQPH;
				INFOPLIST_FILE = TaskUITests/Info.plist;
				LD_RUNPATH_SEARCH_PATHS = (
					"$(inherited)",
					"@executable_path/Frameworks",
					"@loader_path/Frameworks",
				);
				PRODUCT_BUNDLE_IDENTIFIER = com.flipxon.TaskUITests;
				PRODUCT_NAME = "$(TARGET_NAME)";
				SWIFT_VERSION = 5.0;
				TARGETED_DEVICE_FAMILY = "1,2";
				TEST_TARGET_NAME = Task;
			};
			name = Release;
		};
/* End XCBuildConfiguration section */

/* Begin XCConfigurationList section */
		D162B77025ACBF35001334AC /* Build configuration list for PBXProject "Task" */ = {
			isa = XCConfigurationList;
			buildConfigurations = (
				D162B79D25ACBF38001334AC /* Debug */,
				D162B79E25ACBF38001334AC /* Release */,
			);
			defaultConfigurationIsVisible = 0;
			defaultConfigurationName = Release;
		};
		D162B79F25ACBF38001334AC /* Build configuration list for PBXNativeTarget "Task" */ = {
			isa = XCConfigurationList;
			buildConfigurations = (
				D162B7A025ACBF38001334AC /* Debug */,
				D162B7A125ACBF38001334AC /* Release */,
			);
			defaultConfigurationIsVisible = 0;
			defaultConfigurationName = Release;
		};
		D162B7A225ACBF38001334AC /* Build configuration list for PBXNativeTarget "TaskTests" */ = {
			isa = XCConfigurationList;
			buildConfigurations = (
				D162B7A325ACBF38001334AC /* Debug */,
				D162B7A425ACBF38001334AC /* Release */,
			);
			defaultConfigurationIsVisible = 0;
			defaultConfigurationName = Release;
		};
		D162B7A525ACBF38001334AC /* Build configuration list for PBXNativeTarget "TaskUITests" */ = {
			isa = XCConfigurationList;
			buildConfigurations = (
				D162B7A625ACBF38001334AC /* Debug */,
				D162B7A725ACBF38001334AC /* Release */,
			);
			defaultConfigurationIsVisible = 0;
			defaultConfigurationName = Release;
		};
/* End XCConfigurationList section */
	};
	rootObject = D162B76D25ACBF35001334AC /* Project object */;
}
